
Microsoft Visual Studio Solution File, Format Version 11.00
# Visual Studio 2010
Project("{2150E333-8FDC-42A3-9474-1A3956D46DE8}") = "Tablet", "Tablet", "{291CCD26-9B56-4F74-9576-1B03C9D90BDA}"
	ProjectSection(SolutionItems) = preProject
		TODO- CHI.txt = TODO- CHI.txt
	EndProjectSection
EndProject
Project("{2150E333-8FDC-42A3-9474-1A3956D46DE8}") = "Libs", "Libs", "{27752FFB-18F6-476A-B1BE-0FCF5B538800}"
EndProject
Project("{2150E333-8FDC-42A3-9474-1A3956D46DE8}") = "Utils", "Utils", "{3FD46D0C-15E6-4CA5-8123-8D161E420E0C}"
EndProject
Project("{2150E333-8FDC-42A3-9474-1A3956D46DE8}") = "Surface", "Surface", "{8206C78F-2B6B-4F0C-9B35-7814FED6AD9C}"
EndProject
Project("{2150E333-8FDC-42A3-9474-1A3956D46DE8}") = "Installers", "Installers", "{0E68B62D-A46F-46A5-B6A5-A0A85BD1F655}"
EndProject
Project("{2150E333-8FDC-42A3-9474-1A3956D46DE8}") = "Plugins", "Plugins", "{D02599DF-54C5-4060-AA1D-B270E5CA05A1}"
EndProject
Project("{2150E333-8FDC-42A3-9474-1A3956D46DE8}") = "Dependencies", "Dependencies", "{B5D7E6CB-67D3-48A5-9585-25F041CA5835}"
	ProjectSection(SolutionItems) = preProject
		Dependencies\dnssd.dll = Dependencies\dnssd.dll
		Dependencies\JsonExSerializer.dll = Dependencies\JsonExSerializer.dll
		Dependencies\MiniHttpd.dll = Dependencies\MiniHttpd.dll
	EndProjectSection
EndProject
Project("{2150E333-8FDC-42A3-9474-1A3956D46DE8}") = "Clients", "Clients", "{0E729B65-D7D1-4564-BD69-A056AE255ACC}"
EndProject
Project("{2150E333-8FDC-42A3-9474-1A3956D46DE8}") = "Hardware", "Hardware", "{B9500E89-3065-44E9-8C5D-8FC08A541115}"
EndProject
Project("{888888A0-9F3D-457C-B088-3A5042F75D52}") = "DeskLink", "Hardware\DeskInput\DeskLink.pyproj", "{13C58198-69C6-4F81-86F6-59CA9110387C}"
EndProject
Project("{FAE04EC0-301F-11D3-BF4B-00C04F79EFBC}") = "PaintBucket", "Libs\PaintBucket\PaintBucket.csproj", "{2499750A-F93C-4F8B-9EB0-39A90288ECE7}"
EndProject
Project("{FAE04EC0-301F-11D3-BF4B-00C04F79EFBC}") = "TabletPaintBucket", "Libs\TabletPaintBucket\TabletPaintBucket.csproj", "{E38059E7-D8F7-469F-BF13-937CE55E9380}"
EndProject
Project("{FAE04EC0-301F-11D3-BF4B-00C04F79EFBC}") = "NUILight Surface Painting", "Clients\Surface\Jam45\NUILight Surface Painting.csproj", "{4E68EFF0-21CA-4E64-85BD-75674BF3F2DE}"
EndProject
Project("{FAE04EC0-301F-11D3-BF4B-00C04F79EFBC}") = "NUILight Surface Desk", "Clients\Surface\SurfaceClient\NUILight Surface Desk.csproj", "{E23A5D45-667A-40EA-ADCF-6B4A906A47DB}"
EndProject
Project("{FAE04EC0-301F-11D3-BF4B-00C04F79EFBC}") = "EnttecDMX", "Plugins\EnttecDMX\EnttecDMX.csproj", "{4DEBA03C-C312-483F-B771-2CEC58A96DCB}"
EndProject
Project("{FAE04EC0-301F-11D3-BF4B-00C04F79EFBC}") = "OpenDMX", "Plugins\OpenDMX\OpenDMX.csproj", "{24C6D16F-1973-4CFC-911E-8DD94632A5A6}"
EndProject
Project("{FAE04EC0-301F-11D3-BF4B-00C04F79EFBC}") = "Osc", "Plugins\Osc\Osc.csproj", "{FB864318-CAFC-48CD-BF8B-D2280B69FBE1}"
EndProject
Project("{FAE04EC0-301F-11D3-BF4B-00C04F79EFBC}") = "UDPBroadcast", "Plugins\UDPBroadcast\UDPBroadcast.csproj", "{471A5618-332A-49FB-9E2E-624CC647F282}"
EndProject
Project("{FAE04EC0-301F-11D3-BF4B-00C04F79EFBC}") = "VirtualDMX", "Plugins\VirtualDMX\VirtualDMX.csproj", "{1772BFDE-ABF2-4D2D-B558-84A49E622510}"
EndProject
Project("{FAE04EC0-301F-11D3-BF4B-00C04F79EFBC}") = "ZeroMQClient", "Plugins\ZeroMQ\ZeroMQClient.csproj", "{F75E2D3F-3429-44C5-B25A-E1C85731C81D}"
EndProject
Project("{FAE04EC0-301F-11D3-BF4B-00C04F79EFBC}") = "ZMQLib", "Dependencies\ZMQLib\ZMQLib.csproj", "{50B7A242-6217-477D-B544-371B884337DA}"
EndProject
Project("{FAE04EC0-301F-11D3-BF4B-00C04F79EFBC}") = "MiniHttpd", "Dependencies\MiniHttpd\MiniHttpd.csproj", "{AE8B039C-8ADA-4E63-834D-E698B716AC05}"
EndProject
Project("{FAE04EC0-301F-11D3-BF4B-00C04F79EFBC}") = "CommandLine", "Dependencies\libcmdline\CommandLine.csproj", "{5DEA2811-2FFA-4959-830B-CAD3ACACABEB}"
EndProject
Project("{FAE04EC0-301F-11D3-BF4B-00C04F79EFBC}") = "TabStrips", "Dependencies\TabControl\TabStrips.csproj", "{F0191B50-7A1B-418A-BE4A-AF640B07F279}"
EndProject
Project("{FAE04EC0-301F-11D3-BF4B-00C04F79EFBC}") = "IPS Communication", "Libs\IPS Communication\IPS Communication.csproj", "{9F2FE6FB-090E-40A7-BB2C-655E5785D219}"
EndProject
Project("{FAE04EC0-301F-11D3-BF4B-00C04F79EFBC}") = "IPS Controller", "Libs\IPS Controller\IPS Controller.csproj", "{967D216D-BDAF-4547-979E-00ABB35B7B5C}"
EndProject
Project("{FAE04EC0-301F-11D3-BF4B-00C04F79EFBC}") = "IPS Shared Objects", "Libs\IPS Shared Objects\IPS Shared Objects.csproj", "{033DB415-F565-45E1-A65C-3BD15FFB63FB}"
EndProject
Project("{FAE04EC0-301F-11D3-BF4B-00C04F79EFBC}") = "IPS Venue Builder", "Utilities\IPS Venue Builder\IPS Venue Builder.csproj", "{2C339EDB-C593-47AC-B819-E3A05DE76238}"
EndProject
Project("{FAE04EC0-301F-11D3-BF4B-00C04F79EFBC}") = "IPS Server", "IPS Server\IPS Server.csproj", "{35F2E90B-C1CD-4351-B65E-F908674E4A8C}"
EndProject
Project("{930C7802-8A8C-48F9-8165-68863BCCD9DD}") = "IPS Installer", "Installers\IPS Installer\IPS Installer.wixproj", "{A5B34C74-2482-45B5-92BE-0BF3BC721EA1}"
EndProject
Project("{FAE04EC0-301F-11D3-BF4B-00C04F79EFBC}") = "ExampleClient", "Clients\Example\ExampleClient\ExampleClient.csproj", "{9879EBA1-A503-44E9-A0C4-D399DEC679D0}"
EndProject
Project("{FAE04EC0-301F-11D3-BF4B-00C04F79EFBC}") = "WebSockets", "Plugins\WebSockets\WebSockets.csproj", "{920BDDED-63A9-45D3-9A3A-B4503CE2B6C8}"
EndProject
Project("{2150E333-8FDC-42A3-9474-1A3956D46DE8}") = "Examples", "Examples", "{D25B8A66-B2A6-49F1-BC4A-FA30FC0FC6EC}"
EndProject
Project("{2150E333-8FDC-42A3-9474-1A3956D46DE8}") = "Gadgeteer", "Gadgeteer", "{AF316985-3A8F-4374-A42C-C5A4B6E67065}"
EndProject
Project("{FAE04EC0-301F-11D3-BF4B-00C04F79EFBC}") = "LightingControl", "Clients\Gadgeteer\LightingControl\LightingControl.csproj", "{ECE3C9FB-57F5-4A9E-8752-51A97919C880}"
EndProject
Project("{FAE04EC0-301F-11D3-BF4B-00C04F79EFBC}") = "XMPP", "Plugins\XMPP\XMPP\XMPP.csproj", "{36E46773-9441-47CF-9C6E-DB75AE28061C}"
EndProject
Project("{FAE04EC0-301F-11D3-BF4B-00C04F79EFBC}") = "ColorScanner", "Clients\Gadgeteer\ColorScanner\ColorScanner\ColorScanner.csproj", "{B961C5B4-7968-408E-AB20-0EC62A5F43BC}"
EndProject
Project("{FAE04EC0-301F-11D3-BF4B-00C04F79EFBC}") = "LightVoting", "Clients\Gadgeteer\LightVoting\LightVoting\LightVoting.csproj", "{EF32AE8C-E680-4B37-865B-A46771B03138}"
EndProject
Project("{FAE04EC0-301F-11D3-BF4B-00C04F79EFBC}") = "SoundTrigger", "Clients\Gadgeteer\SoundTrigger\SoundTrigger.csproj", "{93665DBA-4DE0-46AE-8DBB-9D8D1C251232}"
EndProject
Project("{FAE04EC0-301F-11D3-BF4B-00C04F79EFBC}") = "Sequencer", "Clients\Gadgeteer\Sequencer\Sequencer\Sequencer.csproj", "{826FCF39-BD15-4255-A823-A2F7A60D54A8}"
EndProject
Project("{FAE04EC0-301F-11D3-BF4B-00C04F79EFBC}") = "NUILight Tablet Desk", "Clients\Tablet\NUILight Tablet Desk\NUILight Tablet Desk.csproj", "{FB3C5188-78E6-4B58-BEDE-B3FB0E048FA2}"
EndProject
Project("{FAE04EC0-301F-11D3-BF4B-00C04F79EFBC}") = "NUILight Tablet Painting", "Clients\Tablet\NUILight Painting\NUILight Tablet Painting.csproj", "{826247FC-D830-45C6-88DB-D4C8C808488C}"
EndProject
Project("{2150E333-8FDC-42A3-9474-1A3956D46DE8}") = "Arduino", "Arduino", "{E977A78F-D171-4FC6-85B4-C289CB596F08}"
EndProject
Project("{FAE04EC0-301F-11D3-BF4B-00C04F79EFBC}") = "Stomp", "Plugins\Stomp\Stomp.csproj", "{428D3908-B5D8-4278-9E2E-E7F516D0CF58}"
EndProject
Project("{FAE04EC0-301F-11D3-BF4B-00C04F79EFBC}") = "ConsoleApplication1", "ConsoleApplication1\ConsoleApplication1.csproj", "{4CB06D28-99DF-427C-B8D1-79F26082341E}"
EndProject
Global
	GlobalSection(TeamFoundationVersionControl) = preSolution
		SccNumberOfProjects = 28
		SccEnterpriseProvider = {4CA58AB2-18FA-4F8D-95D4-32DDF27D184C}
		SccTeamFoundationServer = https://tfs.codeplex.com/tfs/tfs31
		SccLocalPath0 = .
		SccProjectUniqueName1 = Plugins\\EnttecDMX\\EnttecDMX.csproj
		SccProjectTopLevelParentUniqueName1 = Interaction\u0020Production\u0020Server.sln
		SccProjectName1 = Plugins/EnttecDMX
		SccLocalPath1 = Plugins\\EnttecDMX
		SccProjectUniqueName2 = Plugins\\OpenDMX\\OpenDMX.csproj
		SccProjectTopLevelParentUniqueName2 = Interaction\u0020Production\u0020Server.sln
		SccProjectName2 = Plugins/OpenDMX
		SccLocalPath2 = Plugins\\OpenDMX
		SccProjectUniqueName3 = Plugins\\Osc\\Osc.csproj
		SccProjectTopLevelParentUniqueName3 = Interaction\u0020Production\u0020Server.sln
		SccProjectName3 = Plugins/Osc
		SccLocalPath3 = Plugins\\Osc
		SccProjectUniqueName4 = Plugins\\UDPBroadcast\\UDPBroadcast.csproj
		SccProjectTopLevelParentUniqueName4 = Interaction\u0020Production\u0020Server.sln
		SccProjectName4 = Plugins/UDPBroadcast
		SccLocalPath4 = Plugins\\UDPBroadcast
		SccProjectUniqueName5 = Plugins\\VirtualDMX\\VirtualDMX.csproj
		SccProjectTopLevelParentUniqueName5 = Interaction\u0020Production\u0020Server.sln
		SccProjectName5 = Plugins/VirtualDMX
		SccLocalPath5 = Plugins\\VirtualDMX
		SccProjectUniqueName6 = Plugins\\ZeroMQ\\ZeroMQClient.csproj
		SccProjectTopLevelParentUniqueName6 = Interaction\u0020Production\u0020Server.sln
		SccProjectName6 = Plugins/ZeroMQ
		SccLocalPath6 = Plugins\\ZeroMQ
		SccProjectUniqueName7 = Dependencies\\libcmdline\\CommandLine.csproj
		SccProjectTopLevelParentUniqueName7 = Interaction\u0020Production\u0020Server.sln
		SccProjectName7 = Dependencies/libcmdline
		SccLocalPath7 = Dependencies\\libcmdline
		SccProjectUniqueName8 = Libs\\IPS\u0020Communication\\IPS\u0020Communication.csproj
		SccProjectTopLevelParentUniqueName8 = Interaction\u0020Production\u0020Server.sln
		SccProjectName8 = Libs/IPS\u0020Communication
		SccLocalPath8 = Libs\\IPS\u0020Communication
		SccProjectUniqueName9 = Libs\\IPS\u0020Controller\\IPS\u0020Controller.csproj
		SccProjectTopLevelParentUniqueName9 = Interaction\u0020Production\u0020Server.sln
		SccProjectName9 = Libs/IPS\u0020Controller
		SccLocalPath9 = Libs\\IPS\u0020Controller
		SccProjectUniqueName10 = Libs\\IPS\u0020Shared\u0020Objects\\IPS\u0020Shared\u0020Objects.csproj
		SccProjectTopLevelParentUniqueName10 = Interaction\u0020Production\u0020Server.sln
		SccProjectName10 = Libs/IPS\u0020Shared\u0020Objects
		SccLocalPath10 = Libs\\IPS\u0020Shared\u0020Objects
		SccProjectUniqueName11 = Utilities\\IPS\u0020Venue\u0020Builder\\IPS\u0020Venue\u0020Builder.csproj
		SccProjectTopLevelParentUniqueName11 = Interaction\u0020Production\u0020Server.sln
		SccProjectName11 = Utilities/IPS\u0020Venue\u0020Builder
		SccLocalPath11 = Utilities\\IPS\u0020Venue\u0020Builder
		SccProjectUniqueName12 = IPS\u0020Server\\IPS\u0020Server.csproj
		SccProjectName12 = IPS\u0020Server
		SccLocalPath12 = IPS\u0020Server
		SccProjectUniqueName13 = Installers\\IPS\u0020Installer\\IPS\u0020Installer.wixproj
		SccProjectTopLevelParentUniqueName13 = Interaction\u0020Production\u0020Server.sln
		SccProjectName13 = Installers/IPS\u0020Installer
		SccLocalPath13 = Installers\\IPS\u0020Installer
		SccProjectUniqueName14 = Clients\\Example\\ExampleClient\\ExampleClient.csproj
		SccProjectTopLevelParentUniqueName14 = Interaction\u0020Production\u0020Server.sln
		SccProjectName14 = Clients/Example/ExampleClient
		SccLocalPath14 = Clients\\Example\\ExampleClient
		SccProjectUniqueName15 = Plugins\\WebSockets\\WebSockets.csproj
		SccProjectTopLevelParentUniqueName15 = Interaction\u0020Production\u0020Server.sln
		SccProjectName15 = Plugins/WebSockets
		SccLocalPath15 = Plugins\\WebSockets
		SccProjectUniqueName16 = Clients\\Gadgeteer\\LightingControl\\LightingControl.csproj
		SccProjectTopLevelParentUniqueName16 = Interaction\u0020Production\u0020Server.sln
		SccProjectName16 = Clients/Gadgeteer/LightingControl
		SccLocalPath16 = Clients\\Gadgeteer\\LightingControl
		SccProjectUniqueName17 = Plugins\\XMPP\\XMPP\\XMPP.csproj
		SccProjectTopLevelParentUniqueName17 = Interaction\u0020Production\u0020Server.sln
		SccProjectName17 = Plugins/XMPP/XMPP
		SccLocalPath17 = Plugins\\XMPP\\XMPP
		SccProjectUniqueName18 = Clients\\Gadgeteer\\ColorScanner\\ColorScanner\\ColorScanner.csproj
		SccProjectTopLevelParentUniqueName18 = Interaction\u0020Production\u0020Server.sln
		SccProjectName18 = Clients/Gadgeteer/ColorScanner/ColorScanner
		SccLocalPath18 = Clients\\Gadgeteer\\ColorScanner\\ColorScanner
		SccProjectUniqueName19 = Clients\\Gadgeteer\\LightVoting\\LightVoting\\LightVoting.csproj
		SccProjectTopLevelParentUniqueName19 = Interaction\u0020Production\u0020Server.sln
		SccProjectName19 = Clients/Gadgeteer/LightVoting/LightVoting
		SccLocalPath19 = Clients\\Gadgeteer\\LightVoting\\LightVoting
		SccProjectUniqueName20 = Clients\\Tablet\\NUILight\u0020Tablet\u0020Desk\\NUILight\u0020Tablet\u0020Desk.csproj
		SccProjectTopLevelParentUniqueName20 = Interaction\u0020Production\u0020Server.sln
		SccProjectName20 = Clients/Tablet/NUILight\u0020Tablet\u0020Desk
		SccLocalPath20 = Clients\\Tablet\\NUILight\u0020Tablet\u0020Desk
		SccProjectUniqueName21 = Clients\\Surface\\SurfaceClient\\NUILight\u0020Surface\u0020Desk.csproj
		SccProjectTopLevelParentUniqueName21 = Interaction\u0020Production\u0020Server.sln
		SccProjectName21 = Clients/Surface/SurfaceClient
		SccLocalPath21 = Clients\\Surface\\SurfaceClient
		SccProjectUniqueName22 = Clients\\Tablet\\NUILight\u0020Painting\\NUILight\u0020Tablet\u0020Painting.csproj
		SccProjectTopLevelParentUniqueName22 = Interaction\u0020Production\u0020Server.sln
		SccProjectName22 = Clients/Tablet/NUILight\u0020Painting
		SccLocalPath22 = Clients\\Tablet\\NUILight\u0020Painting
		SccProjectUniqueName23 = Clients\\Gadgeteer\\Sequencer\\Sequencer\\Sequencer.csproj
		SccProjectTopLevelParentUniqueName23 = Interaction\u0020Production\u0020Server.sln
		SccProjectName23 = Clients/Gadgeteer/Sequencer/Sequencer
		SccLocalPath23 = Clients\\Gadgeteer\\Sequencer\\Sequencer
		SccProjectUniqueName24 = Clients\\Gadgeteer\\SoundTrigger\\SoundTrigger.csproj
		SccProjectTopLevelParentUniqueName24 = Interaction\u0020Production\u0020Server.sln
		SccProjectName24 = Clients/Gadgeteer/SoundTrigger
		SccLocalPath24 = Clients\\Gadgeteer\\SoundTrigger
		SccProjectUniqueName25 = WindowsFormsApplication1\\WindowsFormsApplication1.csproj
		SccProjectTopLevelParentUniqueName25 = Interaction\u0020Production\u0020Server.sln
		SccProjectName25 = WindowsFormsApplication1
		SccLocalPath25 = WindowsFormsApplication1
		SccProjectUniqueName26 = Plugins\\Stomp\\Stomp.csproj
		SccProjectTopLevelParentUniqueName26 = Interaction\u0020Production\u0020Server.sln
		SccProjectName26 = Plugins/Stomp
		SccLocalPath26 = Plugins\\Stomp
		SccProjectUniqueName27 = ConsoleApplication1\\ConsoleApplication1.csproj
		SccProjectTopLevelParentUniqueName27 = Interaction\u0020Production\u0020Server.sln
		SccProjectName27 = ConsoleApplication1
		SccLocalPath27 = ConsoleApplication1
	EndGlobalSection
	GlobalSection(SolutionConfigurationPlatforms) = preSolution
		Debug|Any CPU = Debug|Any CPU
		Debug|Mixed Platforms = Debug|Mixed Platforms
		Debug|x64 = Debug|x64
		Debug|x86 = Debug|x86
		Release|Any CPU = Release|Any CPU
		Release|Mixed Platforms = Release|Mixed Platforms
		Release|x64 = Release|x64
		Release|x86 = Release|x86
	EndGlobalSection
	GlobalSection(ProjectConfigurationPlatforms) = postSolution
		{13C58198-69C6-4F81-86F6-59CA9110387C}.Debug|Any CPU.ActiveCfg = Debug|Any CPU
		{13C58198-69C6-4F81-86F6-59CA9110387C}.Debug|Mixed Platforms.ActiveCfg = Debug|Any CPU
		{13C58198-69C6-4F81-86F6-59CA9110387C}.Debug|x64.ActiveCfg = Debug|Any CPU
		{13C58198-69C6-4F81-86F6-59CA9110387C}.Debug|x86.ActiveCfg = Debug|Any CPU
		{13C58198-69C6-4F81-86F6-59CA9110387C}.Debug|x86.Build.0 = Debug|Any CPU
		{13C58198-69C6-4F81-86F6-59CA9110387C}.Release|Any CPU.ActiveCfg = Release|Any CPU
		{13C58198-69C6-4F81-86F6-59CA9110387C}.Release|Mixed Platforms.ActiveCfg = Release|Any CPU
		{13C58198-69C6-4F81-86F6-59CA9110387C}.Release|x64.ActiveCfg = Release|Any CPU
		{13C58198-69C6-4F81-86F6-59CA9110387C}.Release|x86.ActiveCfg = Release|Any CPU
		{2499750A-F93C-4F8B-9EB0-39A90288ECE7}.Debug|Any CPU.ActiveCfg = Debug|Any CPU
		{2499750A-F93C-4F8B-9EB0-39A90288ECE7}.Debug|Any CPU.Build.0 = Debug|Any CPU
		{2499750A-F93C-4F8B-9EB0-39A90288ECE7}.Debug|Mixed Platforms.ActiveCfg = Debug|x86
		{2499750A-F93C-4F8B-9EB0-39A90288ECE7}.Debug|Mixed Platforms.Build.0 = Debug|x86
		{2499750A-F93C-4F8B-9EB0-39A90288ECE7}.Debug|x64.ActiveCfg = Debug|x86
		{2499750A-F93C-4F8B-9EB0-39A90288ECE7}.Debug|x86.ActiveCfg = Debug|x86
		{2499750A-F93C-4F8B-9EB0-39A90288ECE7}.Debug|x86.Deploy.0 = Debug|x86
		{2499750A-F93C-4F8B-9EB0-39A90288ECE7}.Release|Any CPU.ActiveCfg = Release|Any CPU
		{2499750A-F93C-4F8B-9EB0-39A90288ECE7}.Release|Any CPU.Build.0 = Release|Any CPU
		{2499750A-F93C-4F8B-9EB0-39A90288ECE7}.Release|Mixed Platforms.ActiveCfg = Release|x86
		{2499750A-F93C-4F8B-9EB0-39A90288ECE7}.Release|Mixed Platforms.Build.0 = Release|x86
		{2499750A-F93C-4F8B-9EB0-39A90288ECE7}.Release|x64.ActiveCfg = Release|x86
		{2499750A-F93C-4F8B-9EB0-39A90288ECE7}.Release|x86.ActiveCfg = Release|x86
		{E38059E7-D8F7-469F-BF13-937CE55E9380}.Debug|Any CPU.ActiveCfg = Debug|x86
		{E38059E7-D8F7-469F-BF13-937CE55E9380}.Debug|Mixed Platforms.ActiveCfg = Debug|x86
		{E38059E7-D8F7-469F-BF13-937CE55E9380}.Debug|Mixed Platforms.Build.0 = Debug|x86
		{E38059E7-D8F7-469F-BF13-937CE55E9380}.Debug|x64.ActiveCfg = Debug|x86
		{E38059E7-D8F7-469F-BF13-937CE55E9380}.Debug|x86.ActiveCfg = Debug|x86
		{E38059E7-D8F7-469F-BF13-937CE55E9380}.Release|Any CPU.ActiveCfg = Release|x86
		{E38059E7-D8F7-469F-BF13-937CE55E9380}.Release|Mixed Platforms.ActiveCfg = Release|x86
		{E38059E7-D8F7-469F-BF13-937CE55E9380}.Release|Mixed Platforms.Build.0 = Release|x86
		{E38059E7-D8F7-469F-BF13-937CE55E9380}.Release|x64.ActiveCfg = Release|x86
		{E38059E7-D8F7-469F-BF13-937CE55E9380}.Release|x86.ActiveCfg = Release|x86
		{E38059E7-D8F7-469F-BF13-937CE55E9380}.Release|x86.Build.0 = Release|x86
		{4E68EFF0-21CA-4E64-85BD-75674BF3F2DE}.Debug|Any CPU.ActiveCfg = Debug|Any CPU
		{4E68EFF0-21CA-4E64-85BD-75674BF3F2DE}.Debug|Mixed Platforms.ActiveCfg = Debug|x86
		{4E68EFF0-21CA-4E64-85BD-75674BF3F2DE}.Debug|x64.ActiveCfg = Debug|x86
		{4E68EFF0-21CA-4E64-85BD-75674BF3F2DE}.Debug|x86.ActiveCfg = Debug|x86
		{4E68EFF0-21CA-4E64-85BD-75674BF3F2DE}.Debug|x86.Build.0 = Debug|x86
		{4E68EFF0-21CA-4E64-85BD-75674BF3F2DE}.Release|Any CPU.ActiveCfg = Release|Any CPU
		{4E68EFF0-21CA-4E64-85BD-75674BF3F2DE}.Release|Mixed Platforms.ActiveCfg = Release|x86
		{4E68EFF0-21CA-4E64-85BD-75674BF3F2DE}.Release|x64.ActiveCfg = Release|x86
		{4E68EFF0-21CA-4E64-85BD-75674BF3F2DE}.Release|x86.ActiveCfg = Release|x86
		{4E68EFF0-21CA-4E64-85BD-75674BF3F2DE}.Release|x86.Build.0 = Release|x86
		{E23A5D45-667A-40EA-ADCF-6B4A906A47DB}.Debug|Any CPU.ActiveCfg = Debug|Any CPU
		{E23A5D45-667A-40EA-ADCF-6B4A906A47DB}.Debug|Mixed Platforms.ActiveCfg = Debug|x86
		{E23A5D45-667A-40EA-ADCF-6B4A906A47DB}.Debug|x64.ActiveCfg = Debug|x86
		{E23A5D45-667A-40EA-ADCF-6B4A906A47DB}.Debug|x86.ActiveCfg = Debug|x86
		{E23A5D45-667A-40EA-ADCF-6B4A906A47DB}.Debug|x86.Build.0 = Debug|x86
		{E23A5D45-667A-40EA-ADCF-6B4A906A47DB}.Release|Any CPU.ActiveCfg = Release|Any CPU
		{E23A5D45-667A-40EA-ADCF-6B4A906A47DB}.Release|Mixed Platforms.ActiveCfg = Release|x86
		{E23A5D45-667A-40EA-ADCF-6B4A906A47DB}.Release|x64.ActiveCfg = Release|x86
		{E23A5D45-667A-40EA-ADCF-6B4A906A47DB}.Release|x86.ActiveCfg = Release|x86
		{E23A5D45-667A-40EA-ADCF-6B4A906A47DB}.Release|x86.Build.0 = Release|x86
		{4DEBA03C-C312-483F-B771-2CEC58A96DCB}.Debug|Any CPU.ActiveCfg = Debug|Any CPU
		{4DEBA03C-C312-483F-B771-2CEC58A96DCB}.Debug|Any CPU.Build.0 = Debug|Any CPU
		{4DEBA03C-C312-483F-B771-2CEC58A96DCB}.Debug|Mixed Platforms.ActiveCfg = Debug|x86
		{4DEBA03C-C312-483F-B771-2CEC58A96DCB}.Debug|Mixed Platforms.Build.0 = Debug|x86
		{4DEBA03C-C312-483F-B771-2CEC58A96DCB}.Debug|x64.ActiveCfg = Debug|x86
		{4DEBA03C-C312-483F-B771-2CEC58A96DCB}.Debug|x86.ActiveCfg = Debug|x86
		{4DEBA03C-C312-483F-B771-2CEC58A96DCB}.Debug|x86.Build.0 = Debug|x86
		{4DEBA03C-C312-483F-B771-2CEC58A96DCB}.Release|Any CPU.ActiveCfg = Release|Any CPU
		{4DEBA03C-C312-483F-B771-2CEC58A96DCB}.Release|Any CPU.Build.0 = Release|Any CPU
		{4DEBA03C-C312-483F-B771-2CEC58A96DCB}.Release|Mixed Platforms.ActiveCfg = Release|x86
		{4DEBA03C-C312-483F-B771-2CEC58A96DCB}.Release|Mixed Platforms.Build.0 = Release|x86
		{4DEBA03C-C312-483F-B771-2CEC58A96DCB}.Release|x64.ActiveCfg = Release|x86
		{4DEBA03C-C312-483F-B771-2CEC58A96DCB}.Release|x86.ActiveCfg = Release|x86
		{4DEBA03C-C312-483F-B771-2CEC58A96DCB}.Release|x86.Build.0 = Release|x86
		{24C6D16F-1973-4CFC-911E-8DD94632A5A6}.Debug|Any CPU.ActiveCfg = Debug|Any CPU
		{24C6D16F-1973-4CFC-911E-8DD94632A5A6}.Debug|Any CPU.Build.0 = Debug|Any CPU
		{24C6D16F-1973-4CFC-911E-8DD94632A5A6}.Debug|Mixed Platforms.ActiveCfg = Debug|x86
		{24C6D16F-1973-4CFC-911E-8DD94632A5A6}.Debug|Mixed Platforms.Build.0 = Debug|x86
		{24C6D16F-1973-4CFC-911E-8DD94632A5A6}.Debug|x64.ActiveCfg = Debug|x86
		{24C6D16F-1973-4CFC-911E-8DD94632A5A6}.Debug|x86.ActiveCfg = Debug|x86
		{24C6D16F-1973-4CFC-911E-8DD94632A5A6}.Debug|x86.Build.0 = Debug|x86
		{24C6D16F-1973-4CFC-911E-8DD94632A5A6}.Release|Any CPU.ActiveCfg = Release|Any CPU
		{24C6D16F-1973-4CFC-911E-8DD94632A5A6}.Release|Any CPU.Build.0 = Release|Any CPU
		{24C6D16F-1973-4CFC-911E-8DD94632A5A6}.Release|Mixed Platforms.ActiveCfg = Release|x86
		{24C6D16F-1973-4CFC-911E-8DD94632A5A6}.Release|Mixed Platforms.Build.0 = Release|x86
		{24C6D16F-1973-4CFC-911E-8DD94632A5A6}.Release|x64.ActiveCfg = Release|x86
		{24C6D16F-1973-4CFC-911E-8DD94632A5A6}.Release|x86.ActiveCfg = Release|x86
		{24C6D16F-1973-4CFC-911E-8DD94632A5A6}.Release|x86.Build.0 = Release|x86
		{FB864318-CAFC-48CD-BF8B-D2280B69FBE1}.Debug|Any CPU.ActiveCfg = Debug|Any CPU
		{FB864318-CAFC-48CD-BF8B-D2280B69FBE1}.Debug|Any CPU.Build.0 = Debug|Any CPU
		{FB864318-CAFC-48CD-BF8B-D2280B69FBE1}.Debug|Mixed Platforms.ActiveCfg = Debug|x86
		{FB864318-CAFC-48CD-BF8B-D2280B69FBE1}.Debug|Mixed Platforms.Build.0 = Debug|x86
		{FB864318-CAFC-48CD-BF8B-D2280B69FBE1}.Debug|x64.ActiveCfg = Debug|x86
		{FB864318-CAFC-48CD-BF8B-D2280B69FBE1}.Debug|x86.ActiveCfg = Debug|x86
		{FB864318-CAFC-48CD-BF8B-D2280B69FBE1}.Debug|x86.Build.0 = Debug|x86
		{FB864318-CAFC-48CD-BF8B-D2280B69FBE1}.Release|Any CPU.ActiveCfg = Release|Any CPU
		{FB864318-CAFC-48CD-BF8B-D2280B69FBE1}.Release|Any CPU.Build.0 = Release|Any CPU
		{FB864318-CAFC-48CD-BF8B-D2280B69FBE1}.Release|Mixed Platforms.ActiveCfg = Release|x86
		{FB864318-CAFC-48CD-BF8B-D2280B69FBE1}.Release|Mixed Platforms.Build.0 = Release|x86
		{FB864318-CAFC-48CD-BF8B-D2280B69FBE1}.Release|x64.ActiveCfg = Release|x86
		{FB864318-CAFC-48CD-BF8B-D2280B69FBE1}.Release|x86.ActiveCfg = Release|x86
		{FB864318-CAFC-48CD-BF8B-D2280B69FBE1}.Release|x86.Build.0 = Release|x86
		{471A5618-332A-49FB-9E2E-624CC647F282}.Debug|Any CPU.ActiveCfg = Debug|Any CPU
		{471A5618-332A-49FB-9E2E-624CC647F282}.Debug|Any CPU.Build.0 = Debug|Any CPU
		{471A5618-332A-49FB-9E2E-624CC647F282}.Debug|Mixed Platforms.ActiveCfg = Debug|x86
		{471A5618-332A-49FB-9E2E-624CC647F282}.Debug|Mixed Platforms.Build.0 = Debug|x86
		{471A5618-332A-49FB-9E2E-624CC647F282}.Debug|x64.ActiveCfg = Debug|x86
		{471A5618-332A-49FB-9E2E-624CC647F282}.Debug|x86.ActiveCfg = Debug|x86
		{471A5618-332A-49FB-9E2E-624CC647F282}.Debug|x86.Build.0 = Debug|x86
		{471A5618-332A-49FB-9E2E-624CC647F282}.Release|Any CPU.ActiveCfg = Release|Any CPU
		{471A5618-332A-49FB-9E2E-624CC647F282}.Release|Any CPU.Build.0 = Release|Any CPU
		{471A5618-332A-49FB-9E2E-624CC647F282}.Release|Mixed Platforms.ActiveCfg = Release|x86
		{471A5618-332A-49FB-9E2E-624CC647F282}.Release|Mixed Platforms.Build.0 = Release|x86
		{471A5618-332A-49FB-9E2E-624CC647F282}.Release|x64.ActiveCfg = Release|x86
		{471A5618-332A-49FB-9E2E-624CC647F282}.Release|x86.ActiveCfg = Release|x86
		{471A5618-332A-49FB-9E2E-624CC647F282}.Release|x86.Build.0 = Release|x86
		{1772BFDE-ABF2-4D2D-B558-84A49E622510}.Debug|Any CPU.ActiveCfg = Debug|Any CPU
		{1772BFDE-ABF2-4D2D-B558-84A49E622510}.Debug|Any CPU.Build.0 = Debug|Any CPU
		{1772BFDE-ABF2-4D2D-B558-84A49E622510}.Debug|Mixed Platforms.ActiveCfg = Debug|x86
		{1772BFDE-ABF2-4D2D-B558-84A49E622510}.Debug|Mixed Platforms.Build.0 = Debug|x86
		{1772BFDE-ABF2-4D2D-B558-84A49E622510}.Debug|x64.ActiveCfg = Debug|x86
		{1772BFDE-ABF2-4D2D-B558-84A49E622510}.Debug|x86.ActiveCfg = Debug|x86
		{1772BFDE-ABF2-4D2D-B558-84A49E622510}.Debug|x86.Build.0 = Debug|x86
		{1772BFDE-ABF2-4D2D-B558-84A49E622510}.Release|Any CPU.ActiveCfg = Release|Any CPU
		{1772BFDE-ABF2-4D2D-B558-84A49E622510}.Release|Any CPU.Build.0 = Release|Any CPU
		{1772BFDE-ABF2-4D2D-B558-84A49E622510}.Release|Mixed Platforms.ActiveCfg = Release|x86
		{1772BFDE-ABF2-4D2D-B558-84A49E622510}.Release|Mixed Platforms.Build.0 = Release|x86
		{1772BFDE-ABF2-4D2D-B558-84A49E622510}.Release|x64.ActiveCfg = Release|x86
		{1772BFDE-ABF2-4D2D-B558-84A49E622510}.Release|x86.ActiveCfg = Release|x86
		{1772BFDE-ABF2-4D2D-B558-84A49E622510}.Release|x86.Build.0 = Release|x86
		{F75E2D3F-3429-44C5-B25A-E1C85731C81D}.Debug|Any CPU.ActiveCfg = Debug|Any CPU
		{F75E2D3F-3429-44C5-B25A-E1C85731C81D}.Debug|Any CPU.Build.0 = Debug|Any CPU
		{F75E2D3F-3429-44C5-B25A-E1C85731C81D}.Debug|Mixed Platforms.ActiveCfg = Debug|x86
		{F75E2D3F-3429-44C5-B25A-E1C85731C81D}.Debug|Mixed Platforms.Build.0 = Debug|x86
		{F75E2D3F-3429-44C5-B25A-E1C85731C81D}.Debug|x64.ActiveCfg = Debug|x86
		{F75E2D3F-3429-44C5-B25A-E1C85731C81D}.Debug|x86.ActiveCfg = Debug|x86
		{F75E2D3F-3429-44C5-B25A-E1C85731C81D}.Debug|x86.Build.0 = Debug|x86
		{F75E2D3F-3429-44C5-B25A-E1C85731C81D}.Release|Any CPU.ActiveCfg = Release|Any CPU
		{F75E2D3F-3429-44C5-B25A-E1C85731C81D}.Release|Any CPU.Build.0 = Release|Any CPU
		{F75E2D3F-3429-44C5-B25A-E1C85731C81D}.Release|Mixed Platforms.ActiveCfg = Release|x86
		{F75E2D3F-3429-44C5-B25A-E1C85731C81D}.Release|Mixed Platforms.Build.0 = Release|x86
		{F75E2D3F-3429-44C5-B25A-E1C85731C81D}.Release|x64.ActiveCfg = Release|x86
		{F75E2D3F-3429-44C5-B25A-E1C85731C81D}.Release|x86.ActiveCfg = Release|x86
		{F75E2D3F-3429-44C5-B25A-E1C85731C81D}.Release|x86.Build.0 = Release|x86
		{50B7A242-6217-477D-B544-371B884337DA}.Debug|Any CPU.ActiveCfg = Debug|Any CPU
		{50B7A242-6217-477D-B544-371B884337DA}.Debug|Any CPU.Build.0 = Debug|Any CPU
		{50B7A242-6217-477D-B544-371B884337DA}.Debug|Mixed Platforms.ActiveCfg = Debug|x86
		{50B7A242-6217-477D-B544-371B884337DA}.Debug|Mixed Platforms.Build.0 = Debug|x86
		{50B7A242-6217-477D-B544-371B884337DA}.Debug|x64.ActiveCfg = Debug|x86
		{50B7A242-6217-477D-B544-371B884337DA}.Debug|x86.ActiveCfg = Debug|x86
		{50B7A242-6217-477D-B544-371B884337DA}.Release|Any CPU.ActiveCfg = Release|Any CPU
		{50B7A242-6217-477D-B544-371B884337DA}.Release|Any CPU.Build.0 = Release|Any CPU
		{50B7A242-6217-477D-B544-371B884337DA}.Release|Mixed Platforms.ActiveCfg = Release|x86
		{50B7A242-6217-477D-B544-371B884337DA}.Release|Mixed Platforms.Build.0 = Release|x86
		{50B7A242-6217-477D-B544-371B884337DA}.Release|x64.ActiveCfg = Release|x86
		{50B7A242-6217-477D-B544-371B884337DA}.Release|x86.ActiveCfg = Release|x86
		{50B7A242-6217-477D-B544-371B884337DA}.Release|x86.Build.0 = Release|x86
		{AE8B039C-8ADA-4E63-834D-E698B716AC05}.Debug|Any CPU.ActiveCfg = Debug|Any CPU
		{AE8B039C-8ADA-4E63-834D-E698B716AC05}.Debug|Any CPU.Build.0 = Debug|Any CPU
		{AE8B039C-8ADA-4E63-834D-E698B716AC05}.Debug|Mixed Platforms.ActiveCfg = Debug|x86
		{AE8B039C-8ADA-4E63-834D-E698B716AC05}.Debug|Mixed Platforms.Build.0 = Debug|x86
		{AE8B039C-8ADA-4E63-834D-E698B716AC05}.Debug|x64.ActiveCfg = Debug|x86
		{AE8B039C-8ADA-4E63-834D-E698B716AC05}.Debug|x86.ActiveCfg = Debug|x86
		{AE8B039C-8ADA-4E63-834D-E698B716AC05}.Debug|x86.Build.0 = Debug|x86
		{AE8B039C-8ADA-4E63-834D-E698B716AC05}.Release|Any CPU.ActiveCfg = Release|Any CPU
		{AE8B039C-8ADA-4E63-834D-E698B716AC05}.Release|Any CPU.Build.0 = Release|Any CPU
		{AE8B039C-8ADA-4E63-834D-E698B716AC05}.Release|Mixed Platforms.ActiveCfg = Release|x86
		{AE8B039C-8ADA-4E63-834D-E698B716AC05}.Release|Mixed Platforms.Build.0 = Release|x86
		{AE8B039C-8ADA-4E63-834D-E698B716AC05}.Release|x64.ActiveCfg = Release|x86
		{AE8B039C-8ADA-4E63-834D-E698B716AC05}.Release|x86.ActiveCfg = Release|x86
		{AE8B039C-8ADA-4E63-834D-E698B716AC05}.Release|x86.Build.0 = Release|x86
		{5DEA2811-2FFA-4959-830B-CAD3ACACABEB}.Debug|Any CPU.ActiveCfg = Debug|Any CPU
		{5DEA2811-2FFA-4959-830B-CAD3ACACABEB}.Debug|Any CPU.Build.0 = Debug|Any CPU
		{5DEA2811-2FFA-4959-830B-CAD3ACACABEB}.Debug|Mixed Platforms.ActiveCfg = Debug|x86
		{5DEA2811-2FFA-4959-830B-CAD3ACACABEB}.Debug|Mixed Platforms.Build.0 = Debug|x86
		{5DEA2811-2FFA-4959-830B-CAD3ACACABEB}.Debug|x64.ActiveCfg = Debug|x86
		{5DEA2811-2FFA-4959-830B-CAD3ACACABEB}.Debug|x86.ActiveCfg = Debug|x86
		{5DEA2811-2FFA-4959-830B-CAD3ACACABEB}.Release|Any CPU.ActiveCfg = Release|Any CPU
		{5DEA2811-2FFA-4959-830B-CAD3ACACABEB}.Release|Any CPU.Build.0 = Release|Any CPU
		{5DEA2811-2FFA-4959-830B-CAD3ACACABEB}.Release|Mixed Platforms.ActiveCfg = Release|x86
		{5DEA2811-2FFA-4959-830B-CAD3ACACABEB}.Release|Mixed Platforms.Build.0 = Release|x86
		{5DEA2811-2FFA-4959-830B-CAD3ACACABEB}.Release|x64.ActiveCfg = Release|x86
		{5DEA2811-2FFA-4959-830B-CAD3ACACABEB}.Release|x86.ActiveCfg = Release|x86
		{5DEA2811-2FFA-4959-830B-CAD3ACACABEB}.Release|x86.Build.0 = Release|x86
		{F0191B50-7A1B-418A-BE4A-AF640B07F279}.Debug|Any CPU.ActiveCfg = Debug|Any CPU
		{F0191B50-7A1B-418A-BE4A-AF640B07F279}.Debug|Any CPU.Build.0 = Debug|Any CPU
		{F0191B50-7A1B-418A-BE4A-AF640B07F279}.Debug|Mixed Platforms.ActiveCfg = Debug|x86
		{F0191B50-7A1B-418A-BE4A-AF640B07F279}.Debug|Mixed Platforms.Build.0 = Debug|x86
		{F0191B50-7A1B-418A-BE4A-AF640B07F279}.Debug|x64.ActiveCfg = Debug|x86
		{F0191B50-7A1B-418A-BE4A-AF640B07F279}.Debug|x86.ActiveCfg = Debug|x86
		{F0191B50-7A1B-418A-BE4A-AF640B07F279}.Release|Any CPU.ActiveCfg = Release|Any CPU
		{F0191B50-7A1B-418A-BE4A-AF640B07F279}.Release|Any CPU.Build.0 = Release|Any CPU
		{F0191B50-7A1B-418A-BE4A-AF640B07F279}.Release|Mixed Platforms.ActiveCfg = Release|x86
		{F0191B50-7A1B-418A-BE4A-AF640B07F279}.Release|Mixed Platforms.Build.0 = Release|x86
		{F0191B50-7A1B-418A-BE4A-AF640B07F279}.Release|x64.ActiveCfg = Release|x86
		{F0191B50-7A1B-418A-BE4A-AF640B07F279}.Release|x86.ActiveCfg = Release|x86
		{F0191B50-7A1B-418A-BE4A-AF640B07F279}.Release|x86.Build.0 = Release|x86
		{9F2FE6FB-090E-40A7-BB2C-655E5785D219}.Debug|Any CPU.ActiveCfg = Debug|Any CPU
		{9F2FE6FB-090E-40A7-BB2C-655E5785D219}.Debug|Any CPU.Build.0 = Debug|Any CPU
		{9F2FE6FB-090E-40A7-BB2C-655E5785D219}.Debug|Mixed Platforms.ActiveCfg = Debug|x86
		{9F2FE6FB-090E-40A7-BB2C-655E5785D219}.Debug|Mixed Platforms.Build.0 = Debug|x86
		{9F2FE6FB-090E-40A7-BB2C-655E5785D219}.Debug|x64.ActiveCfg = Debug|x86
		{9F2FE6FB-090E-40A7-BB2C-655E5785D219}.Debug|x86.ActiveCfg = Debug|x86
		{9F2FE6FB-090E-40A7-BB2C-655E5785D219}.Debug|x86.Build.0 = Debug|x86
		{9F2FE6FB-090E-40A7-BB2C-655E5785D219}.Release|Any CPU.ActiveCfg = Release|Any CPU
		{9F2FE6FB-090E-40A7-BB2C-655E5785D219}.Release|Any CPU.Build.0 = Release|Any CPU
		{9F2FE6FB-090E-40A7-BB2C-655E5785D219}.Release|Mixed Platforms.ActiveCfg = Release|x86
		{9F2FE6FB-090E-40A7-BB2C-655E5785D219}.Release|Mixed Platforms.Build.0 = Release|x86
		{9F2FE6FB-090E-40A7-BB2C-655E5785D219}.Release|x64.ActiveCfg = Release|x86
		{9F2FE6FB-090E-40A7-BB2C-655E5785D219}.Release|x86.ActiveCfg = Release|x86
		{9F2FE6FB-090E-40A7-BB2C-655E5785D219}.Release|x86.Build.0 = Release|x86
		{967D216D-BDAF-4547-979E-00ABB35B7B5C}.Debug|Any CPU.ActiveCfg = Debug|Any CPU
		{967D216D-BDAF-4547-979E-00ABB35B7B5C}.Debug|Any CPU.Build.0 = Debug|Any CPU
		{967D216D-BDAF-4547-979E-00ABB35B7B5C}.Debug|Mixed Platforms.ActiveCfg = Debug|x86
		{967D216D-BDAF-4547-979E-00ABB35B7B5C}.Debug|Mixed Platforms.Build.0 = Debug|x86
		{967D216D-BDAF-4547-979E-00ABB35B7B5C}.Debug|x64.ActiveCfg = Debug|x86
		{967D216D-BDAF-4547-979E-00ABB35B7B5C}.Debug|x86.ActiveCfg = Debug|x86
		{967D216D-BDAF-4547-979E-00ABB35B7B5C}.Debug|x86.Build.0 = Debug|x86
		{967D216D-BDAF-4547-979E-00ABB35B7B5C}.Release|Any CPU.ActiveCfg = Release|Any CPU
		{967D216D-BDAF-4547-979E-00ABB35B7B5C}.Release|Any CPU.Build.0 = Release|Any CPU
		{967D216D-BDAF-4547-979E-00ABB35B7B5C}.Release|Mixed Platforms.ActiveCfg = Release|x86
		{967D216D-BDAF-4547-979E-00ABB35B7B5C}.Release|Mixed Platforms.Build.0 = Release|x86
		{967D216D-BDAF-4547-979E-00ABB35B7B5C}.Release|x64.ActiveCfg = Release|x86
		{967D216D-BDAF-4547-979E-00ABB35B7B5C}.Release|x86.ActiveCfg = Release|x86
		{967D216D-BDAF-4547-979E-00ABB35B7B5C}.Release|x86.Build.0 = Release|x86
		{033DB415-F565-45E1-A65C-3BD15FFB63FB}.Debug|Any CPU.ActiveCfg = Debug|Any CPU
		{033DB415-F565-45E1-A65C-3BD15FFB63FB}.Debug|Any CPU.Build.0 = Debug|Any CPU
		{033DB415-F565-45E1-A65C-3BD15FFB63FB}.Debug|Mixed Platforms.ActiveCfg = Debug|x86
		{033DB415-F565-45E1-A65C-3BD15FFB63FB}.Debug|Mixed Platforms.Build.0 = Debug|x86
		{033DB415-F565-45E1-A65C-3BD15FFB63FB}.Debug|x64.ActiveCfg = Debug|x86
		{033DB415-F565-45E1-A65C-3BD15FFB63FB}.Debug|x86.ActiveCfg = Debug|x86
		{033DB415-F565-45E1-A65C-3BD15FFB63FB}.Debug|x86.Build.0 = Debug|x86
		{033DB415-F565-45E1-A65C-3BD15FFB63FB}.Release|Any CPU.ActiveCfg = Release|Any CPU
		{033DB415-F565-45E1-A65C-3BD15FFB63FB}.Release|Any CPU.Build.0 = Release|Any CPU
		{033DB415-F565-45E1-A65C-3BD15FFB63FB}.Release|Mixed Platforms.ActiveCfg = Release|x86
		{033DB415-F565-45E1-A65C-3BD15FFB63FB}.Release|Mixed Platforms.Build.0 = Release|x86
		{033DB415-F565-45E1-A65C-3BD15FFB63FB}.Release|x64.ActiveCfg = Release|x86
		{033DB415-F565-45E1-A65C-3BD15FFB63FB}.Release|x86.ActiveCfg = Release|x86
		{033DB415-F565-45E1-A65C-3BD15FFB63FB}.Release|x86.Build.0 = Release|x86
		{2C339EDB-C593-47AC-B819-E3A05DE76238}.Debug|Any CPU.ActiveCfg = Debug|x86
		{2C339EDB-C593-47AC-B819-E3A05DE76238}.Debug|Mixed Platforms.ActiveCfg = Debug|x86
		{2C339EDB-C593-47AC-B819-E3A05DE76238}.Debug|Mixed Platforms.Build.0 = Debug|x86
		{2C339EDB-C593-47AC-B819-E3A05DE76238}.Debug|x64.ActiveCfg = Debug|x86
		{2C339EDB-C593-47AC-B819-E3A05DE76238}.Debug|x86.ActiveCfg = Debug|x86
		{2C339EDB-C593-47AC-B819-E3A05DE76238}.Release|Any CPU.ActiveCfg = Release|x86
		{2C339EDB-C593-47AC-B819-E3A05DE76238}.Release|Mixed Platforms.ActiveCfg = Release|x86
		{2C339EDB-C593-47AC-B819-E3A05DE76238}.Release|Mixed Platforms.Build.0 = Release|x86
		{2C339EDB-C593-47AC-B819-E3A05DE76238}.Release|x64.ActiveCfg = Release|x86
		{2C339EDB-C593-47AC-B819-E3A05DE76238}.Release|x86.ActiveCfg = Release|x86
		{2C339EDB-C593-47AC-B819-E3A05DE76238}.Release|x86.Build.0 = Release|x86
		{35F2E90B-C1CD-4351-B65E-F908674E4A8C}.Debug|Any CPU.ActiveCfg = Debug|Any CPU
		{35F2E90B-C1CD-4351-B65E-F908674E4A8C}.Debug|Any CPU.Build.0 = Debug|Any CPU
		{35F2E90B-C1CD-4351-B65E-F908674E4A8C}.Debug|Mixed Platforms.ActiveCfg = Debug|x86
		{35F2E90B-C1CD-4351-B65E-F908674E4A8C}.Debug|Mixed Platforms.Build.0 = Debug|x86
		{35F2E90B-C1CD-4351-B65E-F908674E4A8C}.Debug|x64.ActiveCfg = Debug|x86
		{35F2E90B-C1CD-4351-B65E-F908674E4A8C}.Debug|x86.ActiveCfg = Debug|x86
		{35F2E90B-C1CD-4351-B65E-F908674E4A8C}.Debug|x86.Build.0 = Debug|x86
		{35F2E90B-C1CD-4351-B65E-F908674E4A8C}.Release|Any CPU.ActiveCfg = Release|Any CPU
		{35F2E90B-C1CD-4351-B65E-F908674E4A8C}.Release|Any CPU.Build.0 = Release|Any CPU
		{35F2E90B-C1CD-4351-B65E-F908674E4A8C}.Release|Mixed Platforms.ActiveCfg = Release|x86
		{35F2E90B-C1CD-4351-B65E-F908674E4A8C}.Release|Mixed Platforms.Build.0 = Release|x86
		{35F2E90B-C1CD-4351-B65E-F908674E4A8C}.Release|x64.ActiveCfg = Release|x86
		{35F2E90B-C1CD-4351-B65E-F908674E4A8C}.Release|x86.ActiveCfg = Release|x86
		{35F2E90B-C1CD-4351-B65E-F908674E4A8C}.Release|x86.Build.0 = Release|x86
		{A5B34C74-2482-45B5-92BE-0BF3BC721EA1}.Debug|Any CPU.ActiveCfg = Debug|x86
		{A5B34C74-2482-45B5-92BE-0BF3BC721EA1}.Debug|Mixed Platforms.ActiveCfg = Debug|x86
		{A5B34C74-2482-45B5-92BE-0BF3BC721EA1}.Debug|Mixed Platforms.Build.0 = Debug|x86
		{A5B34C74-2482-45B5-92BE-0BF3BC721EA1}.Debug|x64.ActiveCfg = Debug|x86
		{A5B34C74-2482-45B5-92BE-0BF3BC721EA1}.Debug|x86.ActiveCfg = Debug|x86
		{A5B34C74-2482-45B5-92BE-0BF3BC721EA1}.Release|Any CPU.ActiveCfg = Release|x86
		{A5B34C74-2482-45B5-92BE-0BF3BC721EA1}.Release|Mixed Platforms.ActiveCfg = Release|x86
		{A5B34C74-2482-45B5-92BE-0BF3BC721EA1}.Release|Mixed Platforms.Build.0 = Release|x86
		{A5B34C74-2482-45B5-92BE-0BF3BC721EA1}.Release|x64.ActiveCfg = Release|x86
		{A5B34C74-2482-45B5-92BE-0BF3BC721EA1}.Release|x86.ActiveCfg = Release|x86
		{A5B34C74-2482-45B5-92BE-0BF3BC721EA1}.Release|x86.Build.0 = Release|x86
		{9879EBA1-A503-44E9-A0C4-D399DEC679D0}.Debug|Any CPU.ActiveCfg = Debug|x86
		{9879EBA1-A503-44E9-A0C4-D399DEC679D0}.Debug|Mixed Platforms.ActiveCfg = Debug|x86
		{9879EBA1-A503-44E9-A0C4-D399DEC679D0}.Debug|Mixed Platforms.Build.0 = Debug|x86
		{9879EBA1-A503-44E9-A0C4-D399DEC679D0}.Debug|x64.ActiveCfg = Debug|x86
		{9879EBA1-A503-44E9-A0C4-D399DEC679D0}.Debug|x86.ActiveCfg = Debug|x86
		{9879EBA1-A503-44E9-A0C4-D399DEC679D0}.Release|Any CPU.ActiveCfg = Release|x86
		{9879EBA1-A503-44E9-A0C4-D399DEC679D0}.Release|Mixed Platforms.ActiveCfg = Release|x86
		{9879EBA1-A503-44E9-A0C4-D399DEC679D0}.Release|Mixed Platforms.Build.0 = Release|x86
		{9879EBA1-A503-44E9-A0C4-D399DEC679D0}.Release|x64.ActiveCfg = Release|x86
		{9879EBA1-A503-44E9-A0C4-D399DEC679D0}.Release|x86.ActiveCfg = Release|x86
		{920BDDED-63A9-45D3-9A3A-B4503CE2B6C8}.Debug|Any CPU.ActiveCfg = Debug|Any CPU
		{920BDDED-63A9-45D3-9A3A-B4503CE2B6C8}.Debug|Any CPU.Build.0 = Debug|Any CPU
		{920BDDED-63A9-45D3-9A3A-B4503CE2B6C8}.Debug|Mixed Platforms.ActiveCfg = Debug|x86
		{920BDDED-63A9-45D3-9A3A-B4503CE2B6C8}.Debug|Mixed Platforms.Build.0 = Debug|x86
		{920BDDED-63A9-45D3-9A3A-B4503CE2B6C8}.Debug|x64.ActiveCfg = Debug|x86
		{920BDDED-63A9-45D3-9A3A-B4503CE2B6C8}.Debug|x86.ActiveCfg = Debug|x86
		{920BDDED-63A9-45D3-9A3A-B4503CE2B6C8}.Debug|x86.Build.0 = Debug|x86
		{920BDDED-63A9-45D3-9A3A-B4503CE2B6C8}.Release|Any CPU.ActiveCfg = Release|Any CPU
		{920BDDED-63A9-45D3-9A3A-B4503CE2B6C8}.Release|Any CPU.Build.0 = Release|Any CPU
		{920BDDED-63A9-45D3-9A3A-B4503CE2B6C8}.Release|Mixed Platforms.ActiveCfg = Release|x86
		{920BDDED-63A9-45D3-9A3A-B4503CE2B6C8}.Release|Mixed Platforms.Build.0 = Release|x86
		{920BDDED-63A9-45D3-9A3A-B4503CE2B6C8}.Release|x64.ActiveCfg = Release|x86
		{920BDDED-63A9-45D3-9A3A-B4503CE2B6C8}.Release|x86.ActiveCfg = Release|x86
		{920BDDED-63A9-45D3-9A3A-B4503CE2B6C8}.Release|x86.Build.0 = Release|x86
		{ECE3C9FB-57F5-4A9E-8752-51A97919C880}.Debug|Any CPU.ActiveCfg = Debug|Any CPU
		{ECE3C9FB-57F5-4A9E-8752-51A97919C880}.Debug|Any CPU.Build.0 = Debug|Any CPU
		{ECE3C9FB-57F5-4A9E-8752-51A97919C880}.Debug|Any CPU.Deploy.0 = Debug|Any CPU
		{ECE3C9FB-57F5-4A9E-8752-51A97919C880}.Debug|Mixed Platforms.ActiveCfg = Debug|Any CPU
		{ECE3C9FB-57F5-4A9E-8752-51A97919C880}.Debug|Mixed Platforms.Build.0 = Debug|Any CPU
		{ECE3C9FB-57F5-4A9E-8752-51A97919C880}.Debug|Mixed Platforms.Deploy.0 = Debug|Any CPU
		{ECE3C9FB-57F5-4A9E-8752-51A97919C880}.Debug|x64.ActiveCfg = Debug|Any CPU
		{ECE3C9FB-57F5-4A9E-8752-51A97919C880}.Debug|x86.ActiveCfg = Debug|Any CPU
		{ECE3C9FB-57F5-4A9E-8752-51A97919C880}.Release|Any CPU.ActiveCfg = Release|Any CPU
		{ECE3C9FB-57F5-4A9E-8752-51A97919C880}.Release|Any CPU.Build.0 = Release|Any CPU
		{ECE3C9FB-57F5-4A9E-8752-51A97919C880}.Release|Any CPU.Deploy.0 = Release|Any CPU
		{ECE3C9FB-57F5-4A9E-8752-51A97919C880}.Release|Mixed Platforms.ActiveCfg = Release|Any CPU
		{ECE3C9FB-57F5-4A9E-8752-51A97919C880}.Release|Mixed Platforms.Build.0 = Release|Any CPU
		{ECE3C9FB-57F5-4A9E-8752-51A97919C880}.Release|Mixed Platforms.Deploy.0 = Release|Any CPU
		{ECE3C9FB-57F5-4A9E-8752-51A97919C880}.Release|x64.ActiveCfg = Release|Any CPU
		{ECE3C9FB-57F5-4A9E-8752-51A97919C880}.Release|x86.ActiveCfg = Release|Any CPU
		{36E46773-9441-47CF-9C6E-DB75AE28061C}.Debug|Any CPU.ActiveCfg = Debug|Any CPU
		{36E46773-9441-47CF-9C6E-DB75AE28061C}.Debug|Any CPU.Build.0 = Debug|Any CPU
		{36E46773-9441-47CF-9C6E-DB75AE28061C}.Debug|Mixed Platforms.ActiveCfg = Debug|Any CPU
		{36E46773-9441-47CF-9C6E-DB75AE28061C}.Debug|Mixed Platforms.Build.0 = Debug|Any CPU
		{36E46773-9441-47CF-9C6E-DB75AE28061C}.Debug|x64.ActiveCfg = Debug|Any CPU
		{36E46773-9441-47CF-9C6E-DB75AE28061C}.Debug|x86.ActiveCfg = Debug|x86
		{36E46773-9441-47CF-9C6E-DB75AE28061C}.Debug|x86.Build.0 = Debug|x86
		{36E46773-9441-47CF-9C6E-DB75AE28061C}.Release|Any CPU.ActiveCfg = Release|Any CPU
		{36E46773-9441-47CF-9C6E-DB75AE28061C}.Release|Any CPU.Build.0 = Release|Any CPU
		{36E46773-9441-47CF-9C6E-DB75AE28061C}.Release|Mixed Platforms.ActiveCfg = Release|Any CPU
		{36E46773-9441-47CF-9C6E-DB75AE28061C}.Release|Mixed Platforms.Build.0 = Release|Any CPU
		{36E46773-9441-47CF-9C6E-DB75AE28061C}.Release|x64.ActiveCfg = Release|Any CPU
		{36E46773-9441-47CF-9C6E-DB75AE28061C}.Release|x86.ActiveCfg = Release|x86
		{36E46773-9441-47CF-9C6E-DB75AE28061C}.Release|x86.Build.0 = Release|x86
		{B961C5B4-7968-408E-AB20-0EC62A5F43BC}.Debug|Any CPU.ActiveCfg = Debug|Any CPU
		{B961C5B4-7968-408E-AB20-0EC62A5F43BC}.Debug|Any CPU.Build.0 = Debug|Any CPU
		{B961C5B4-7968-408E-AB20-0EC62A5F43BC}.Debug|Any CPU.Deploy.0 = Debug|Any CPU
		{B961C5B4-7968-408E-AB20-0EC62A5F43BC}.Debug|Mixed Platforms.ActiveCfg = Debug|Any CPU
		{B961C5B4-7968-408E-AB20-0EC62A5F43BC}.Debug|Mixed Platforms.Build.0 = Debug|Any CPU
		{B961C5B4-7968-408E-AB20-0EC62A5F43BC}.Debug|Mixed Platforms.Deploy.0 = Debug|Any CPU
		{B961C5B4-7968-408E-AB20-0EC62A5F43BC}.Debug|x64.ActiveCfg = Debug|Any CPU
		{B961C5B4-7968-408E-AB20-0EC62A5F43BC}.Debug|x86.ActiveCfg = Debug|Any CPU
		{B961C5B4-7968-408E-AB20-0EC62A5F43BC}.Release|Any CPU.ActiveCfg = Release|Any CPU
		{B961C5B4-7968-408E-AB20-0EC62A5F43BC}.Release|Any CPU.Build.0 = Release|Any CPU
		{B961C5B4-7968-408E-AB20-0EC62A5F43BC}.Release|Any CPU.Deploy.0 = Release|Any CPU
		{B961C5B4-7968-408E-AB20-0EC62A5F43BC}.Release|Mixed Platforms.ActiveCfg = Release|Any CPU
		{B961C5B4-7968-408E-AB20-0EC62A5F43BC}.Release|Mixed Platforms.Build.0 = Release|Any CPU
		{B961C5B4-7968-408E-AB20-0EC62A5F43BC}.Release|Mixed Platforms.Deploy.0 = Release|Any CPU
		{B961C5B4-7968-408E-AB20-0EC62A5F43BC}.Release|x64.ActiveCfg = Release|Any CPU
		{B961C5B4-7968-408E-AB20-0EC62A5F43BC}.Release|x86.ActiveCfg = Release|Any CPU
		{EF32AE8C-E680-4B37-865B-A46771B03138}.Debug|Any CPU.ActiveCfg = Debug|Any CPU
		{EF32AE8C-E680-4B37-865B-A46771B03138}.Debug|Any CPU.Build.0 = Debug|Any CPU
		{EF32AE8C-E680-4B37-865B-A46771B03138}.Debug|Any CPU.Deploy.0 = Debug|Any CPU
		{EF32AE8C-E680-4B37-865B-A46771B03138}.Debug|Mixed Platforms.ActiveCfg = Debug|Any CPU
		{EF32AE8C-E680-4B37-865B-A46771B03138}.Debug|Mixed Platforms.Build.0 = Debug|Any CPU
		{EF32AE8C-E680-4B37-865B-A46771B03138}.Debug|Mixed Platforms.Deploy.0 = Debug|Any CPU
		{EF32AE8C-E680-4B37-865B-A46771B03138}.Debug|x64.ActiveCfg = Debug|Any CPU
		{EF32AE8C-E680-4B37-865B-A46771B03138}.Debug|x86.ActiveCfg = Debug|Any CPU
		{EF32AE8C-E680-4B37-865B-A46771B03138}.Release|Any CPU.ActiveCfg = Release|Any CPU
		{EF32AE8C-E680-4B37-865B-A46771B03138}.Release|Any CPU.Build.0 = Release|Any CPU
		{EF32AE8C-E680-4B37-865B-A46771B03138}.Release|Any CPU.Deploy.0 = Release|Any CPU
		{EF32AE8C-E680-4B37-865B-A46771B03138}.Release|Mixed Platforms.ActiveCfg = Release|Any CPU
		{EF32AE8C-E680-4B37-865B-A46771B03138}.Release|Mixed Platforms.Build.0 = Release|Any CPU
		{EF32AE8C-E680-4B37-865B-A46771B03138}.Release|Mixed Platforms.Deploy.0 = Release|Any CPU
		{EF32AE8C-E680-4B37-865B-A46771B03138}.Release|x64.ActiveCfg = Release|Any CPU
		{EF32AE8C-E680-4B37-865B-A46771B03138}.Release|x86.ActiveCfg = Release|Any CPU
		{93665DBA-4DE0-46AE-8DBB-9D8D1C251232}.Debug|Any CPU.ActiveCfg = Debug|Any CPU
		{93665DBA-4DE0-46AE-8DBB-9D8D1C251232}.Debug|Any CPU.Build.0 = Debug|Any CPU
		{93665DBA-4DE0-46AE-8DBB-9D8D1C251232}.Debug|Any CPU.Deploy.0 = Debug|Any CPU
		{93665DBA-4DE0-46AE-8DBB-9D8D1C251232}.Debug|Mixed Platforms.ActiveCfg = Debug|Any CPU
		{93665DBA-4DE0-46AE-8DBB-9D8D1C251232}.Debug|Mixed Platforms.Build.0 = Debug|Any CPU
		{93665DBA-4DE0-46AE-8DBB-9D8D1C251232}.Debug|Mixed Platforms.Deploy.0 = Debug|Any CPU
		{93665DBA-4DE0-46AE-8DBB-9D8D1C251232}.Debug|x64.ActiveCfg = Debug|Any CPU
		{93665DBA-4DE0-46AE-8DBB-9D8D1C251232}.Debug|x86.ActiveCfg = Debug|Any CPU
		{93665DBA-4DE0-46AE-8DBB-9D8D1C251232}.Release|Any CPU.ActiveCfg = Release|Any CPU
		{93665DBA-4DE0-46AE-8DBB-9D8D1C251232}.Release|Any CPU.Build.0 = Release|Any CPU
		{93665DBA-4DE0-46AE-8DBB-9D8D1C251232}.Release|Any CPU.Deploy.0 = Release|Any CPU
		{93665DBA-4DE0-46AE-8DBB-9D8D1C251232}.Release|Mixed Platforms.ActiveCfg = Release|Any CPU
		{93665DBA-4DE0-46AE-8DBB-9D8D1C251232}.Release|Mixed Platforms.Build.0 = Release|Any CPU
		{93665DBA-4DE0-46AE-8DBB-9D8D1C251232}.Release|Mixed Platforms.Deploy.0 = Release|Any CPU
		{93665DBA-4DE0-46AE-8DBB-9D8D1C251232}.Release|x64.ActiveCfg = Release|Any CPU
		{93665DBA-4DE0-46AE-8DBB-9D8D1C251232}.Release|x86.ActiveCfg = Release|Any CPU
		{826FCF39-BD15-4255-A823-A2F7A60D54A8}.Debug|Any CPU.ActiveCfg = Debug|Any CPU
		{826FCF39-BD15-4255-A823-A2F7A60D54A8}.Debug|Any CPU.Build.0 = Debug|Any CPU
		{826FCF39-BD15-4255-A823-A2F7A60D54A8}.Debug|Any CPU.Deploy.0 = Debug|Any CPU
		{826FCF39-BD15-4255-A823-A2F7A60D54A8}.Debug|Mixed Platforms.ActiveCfg = Debug|Any CPU
		{826FCF39-BD15-4255-A823-A2F7A60D54A8}.Debug|Mixed Platforms.Build.0 = Debug|Any CPU
		{826FCF39-BD15-4255-A823-A2F7A60D54A8}.Debug|Mixed Platforms.Deploy.0 = Debug|Any CPU
		{826FCF39-BD15-4255-A823-A2F7A60D54A8}.Debug|x64.ActiveCfg = Debug|Any CPU
		{826FCF39-BD15-4255-A823-A2F7A60D54A8}.Debug|x86.ActiveCfg = Debug|Any CPU
		{826FCF39-BD15-4255-A823-A2F7A60D54A8}.Release|Any CPU.ActiveCfg = Release|Any CPU
		{826FCF39-BD15-4255-A823-A2F7A60D54A8}.Release|Any CPU.Build.0 = Release|Any CPU
		{826FCF39-BD15-4255-A823-A2F7A60D54A8}.Release|Any CPU.Deploy.0 = Release|Any CPU
		{826FCF39-BD15-4255-A823-A2F7A60D54A8}.Release|Mixed Platforms.ActiveCfg = Release|Any CPU
		{826FCF39-BD15-4255-A823-A2F7A60D54A8}.Release|Mixed Platforms.Build.0 = Release|Any CPU
		{826FCF39-BD15-4255-A823-A2F7A60D54A8}.Release|Mixed Platforms.Deploy.0 = Release|Any CPU
		{826FCF39-BD15-4255-A823-A2F7A60D54A8}.Release|x64.ActiveCfg = Release|Any CPU
		{826FCF39-BD15-4255-A823-A2F7A60D54A8}.Release|x86.ActiveCfg = Release|Any CPU
		{FB3C5188-78E6-4B58-BEDE-B3FB0E048FA2}.Debug|Any CPU.ActiveCfg = Debug|Any CPU
		{FB3C5188-78E6-4B58-BEDE-B3FB0E048FA2}.Debug|Any CPU.Build.0 = Debug|Any CPU
		{FB3C5188-78E6-4B58-BEDE-B3FB0E048FA2}.Debug|Mixed Platforms.ActiveCfg = Debug|x86
		{FB3C5188-78E6-4B58-BEDE-B3FB0E048FA2}.Debug|Mixed Platforms.Build.0 = Debug|x86
		{FB3C5188-78E6-4B58-BEDE-B3FB0E048FA2}.Debug|x64.ActiveCfg = Debug|x86
		{FB3C5188-78E6-4B58-BEDE-B3FB0E048FA2}.Debug|x86.ActiveCfg = Debug|x86
		{FB3C5188-78E6-4B58-BEDE-B3FB0E048FA2}.Release|Any CPU.ActiveCfg = Release|Any CPU
		{FB3C5188-78E6-4B58-BEDE-B3FB0E048FA2}.Release|Any CPU.Build.0 = Release|Any CPU
		{FB3C5188-78E6-4B58-BEDE-B3FB0E048FA2}.Release|Mixed Platforms.ActiveCfg = Release|x86
		{FB3C5188-78E6-4B58-BEDE-B3FB0E048FA2}.Release|Mixed Platforms.Build.0 = Release|x86
		{FB3C5188-78E6-4B58-BEDE-B3FB0E048FA2}.Release|x64.ActiveCfg = Release|x86
		{FB3C5188-78E6-4B58-BEDE-B3FB0E048FA2}.Release|x86.ActiveCfg = Release|x86
		{826247FC-D830-45C6-88DB-D4C8C808488C}.Debug|Any CPU.ActiveCfg = Debug|x86
		{826247FC-D830-45C6-88DB-D4C8C808488C}.Debug|Mixed Platforms.ActiveCfg = Debug|x86
		{826247FC-D830-45C6-88DB-D4C8C808488C}.Debug|Mixed Platforms.Build.0 = Debug|x86
		{826247FC-D830-45C6-88DB-D4C8C808488C}.Debug|x64.ActiveCfg = Debug|x86
		{826247FC-D830-45C6-88DB-D4C8C808488C}.Debug|x86.ActiveCfg = Debug|x86
		{826247FC-D830-45C6-88DB-D4C8C808488C}.Release|Any CPU.ActiveCfg = Release|x86
		{826247FC-D830-45C6-88DB-D4C8C808488C}.Release|Mixed Platforms.ActiveCfg = Release|x86
		{826247FC-D830-45C6-88DB-D4C8C808488C}.Release|Mixed Platforms.Build.0 = Release|x86
		{826247FC-D830-45C6-88DB-D4C8C808488C}.Release|x64.ActiveCfg = Release|x86
		{826247FC-D830-45C6-88DB-D4C8C808488C}.Release|x86.ActiveCfg = Release|x86
		{428D3908-B5D8-4278-9E2E-E7F516D0CF58}.Debug|Any CPU.ActiveCfg = Debug|Any CPU
		{428D3908-B5D8-4278-9E2E-E7F516D0CF58}.Debug|Any CPU.Build.0 = Debug|Any CPU
		{428D3908-B5D8-4278-9E2E-E7F516D0CF58}.Debug|Mixed Platforms.ActiveCfg = Debug|Any CPU
		{428D3908-B5D8-4278-9E2E-E7F516D0CF58}.Debug|Mixed Platforms.Build.0 = Debug|Any CPU
		{428D3908-B5D8-4278-9E2E-E7F516D0CF58}.Debug|x64.ActiveCfg = Debug|Any CPU
		{428D3908-B5D8-4278-9E2E-E7F516D0CF58}.Debug|x86.ActiveCfg = Debug|x86
		{428D3908-B5D8-4278-9E2E-E7F516D0CF58}.Debug|x86.Build.0 = Debug|x86
		{428D3908-B5D8-4278-9E2E-E7F516D0CF58}.Release|Any CPU.ActiveCfg = Release|Any CPU
		{428D3908-B5D8-4278-9E2E-E7F516D0CF58}.Release|Any CPU.Build.0 = Release|Any CPU
		{428D3908-B5D8-4278-9E2E-E7F516D0CF58}.Release|Mixed Platforms.ActiveCfg = Release|Any CPU
		{428D3908-B5D8-4278-9E2E-E7F516D0CF58}.Release|Mixed Platforms.Build.0 = Release|Any CPU
		{428D3908-B5D8-4278-9E2E-E7F516D0CF58}.Release|x64.ActiveCfg = Release|Any CPU
		{428D3908-B5D8-4278-9E2E-E7F516D0CF58}.Release|x86.ActiveCfg = Release|x86
		{428D3908-B5D8-4278-9E2E-E7F516D0CF58}.Release|x86.Build.0 = Release|x86
		{4CB06D28-99DF-427C-B8D1-79F26082341E}.Debug|Any CPU.ActiveCfg = Debug|x86
		{4CB06D28-99DF-427C-B8D1-79F26082341E}.Debug|Mixed Platforms.ActiveCfg = Debug|x86
		{4CB06D28-99DF-427C-B8D1-79F26082341E}.Debug|Mixed Platforms.Build.0 = Debug|x86
		{4CB06D28-99DF-427C-B8D1-79F26082341E}.Debug|x64.ActiveCfg = Debug|x86
		{4CB06D28-99DF-427C-B8D1-79F26082341E}.Debug|x86.ActiveCfg = Debug|x86
		{4CB06D28-99DF-427C-B8D1-79F26082341E}.Debug|x86.Build.0 = Debug|x86
		{4CB06D28-99DF-427C-B8D1-79F26082341E}.Release|Any CPU.ActiveCfg = Release|x86
		{4CB06D28-99DF-427C-B8D1-79F26082341E}.Release|Mixed Platforms.ActiveCfg = Release|x86
		{4CB06D28-99DF-427C-B8D1-79F26082341E}.Release|Mixed Platforms.Build.0 = Release|x86
		{4CB06D28-99DF-427C-B8D1-79F26082341E}.Release|x64.ActiveCfg = Release|x86
		{4CB06D28-99DF-427C-B8D1-79F26082341E}.Release|x86.ActiveCfg = Release|x86
		{4CB06D28-99DF-427C-B8D1-79F26082341E}.Release|x86.Build.0 = Release|x86
	EndGlobalSection
	GlobalSection(SolutionProperties) = preSolution
		HideSolutionNode = FALSE
	EndGlobalSection
	GlobalSection(NestedProjects) = preSolution
		{8206C78F-2B6B-4F0C-9B35-7814FED6AD9C} = {0E729B65-D7D1-4564-BD69-A056AE255ACC}
		{291CCD26-9B56-4F74-9576-1B03C9D90BDA} = {0E729B65-D7D1-4564-BD69-A056AE255ACC}
		{D25B8A66-B2A6-49F1-BC4A-FA30FC0FC6EC} = {0E729B65-D7D1-4564-BD69-A056AE255ACC}
		{AF316985-3A8F-4374-A42C-C5A4B6E67065} = {0E729B65-D7D1-4564-BD69-A056AE255ACC}
		{E977A78F-D171-4FC6-85B4-C289CB596F08} = {0E729B65-D7D1-4564-BD69-A056AE255ACC}
		{2499750A-F93C-4F8B-9EB0-39A90288ECE7} = {27752FFB-18F6-476A-B1BE-0FCF5B538800}
		{E38059E7-D8F7-469F-BF13-937CE55E9380} = {27752FFB-18F6-476A-B1BE-0FCF5B538800}
		{9F2FE6FB-090E-40A7-BB2C-655E5785D219} = {27752FFB-18F6-476A-B1BE-0FCF5B538800}
		{967D216D-BDAF-4547-979E-00ABB35B7B5C} = {27752FFB-18F6-476A-B1BE-0FCF5B538800}
		{033DB415-F565-45E1-A65C-3BD15FFB63FB} = {27752FFB-18F6-476A-B1BE-0FCF5B538800}
		{2C339EDB-C593-47AC-B819-E3A05DE76238} = {3FD46D0C-15E6-4CA5-8123-8D161E420E0C}
		{4E68EFF0-21CA-4E64-85BD-75674BF3F2DE} = {8206C78F-2B6B-4F0C-9B35-7814FED6AD9C}
		{E23A5D45-667A-40EA-ADCF-6B4A906A47DB} = {8206C78F-2B6B-4F0C-9B35-7814FED6AD9C}
		{A5B34C74-2482-45B5-92BE-0BF3BC721EA1} = {0E68B62D-A46F-46A5-B6A5-A0A85BD1F655}
		{4DEBA03C-C312-483F-B771-2CEC58A96DCB} = {D02599DF-54C5-4060-AA1D-B270E5CA05A1}
		{24C6D16F-1973-4CFC-911E-8DD94632A5A6} = {D02599DF-54C5-4060-AA1D-B270E5CA05A1}
		{FB864318-CAFC-48CD-BF8B-D2280B69FBE1} = {D02599DF-54C5-4060-AA1D-B270E5CA05A1}
		{471A5618-332A-49FB-9E2E-624CC647F282} = {D02599DF-54C5-4060-AA1D-B270E5CA05A1}
		{1772BFDE-ABF2-4D2D-B558-84A49E622510} = {D02599DF-54C5-4060-AA1D-B270E5CA05A1}
		{F75E2D3F-3429-44C5-B25A-E1C85731C81D} = {D02599DF-54C5-4060-AA1D-B270E5CA05A1}
		{920BDDED-63A9-45D3-9A3A-B4503CE2B6C8} = {D02599DF-54C5-4060-AA1D-B270E5CA05A1}
		{36E46773-9441-47CF-9C6E-DB75AE28061C} = {D02599DF-54C5-4060-AA1D-B270E5CA05A1}
		{428D3908-B5D8-4278-9E2E-E7F516D0CF58} = {D02599DF-54C5-4060-AA1D-B270E5CA05A1}
		{50B7A242-6217-477D-B544-371B884337DA} = {B5D7E6CB-67D3-48A5-9585-25F041CA5835}
		{AE8B039C-8ADA-4E63-834D-E698B716AC05} = {B5D7E6CB-67D3-48A5-9585-25F041CA5835}
		{5DEA2811-2FFA-4959-830B-CAD3ACACABEB} = {B5D7E6CB-67D3-48A5-9585-25F041CA5835}
		{F0191B50-7A1B-418A-BE4A-AF640B07F279} = {B5D7E6CB-67D3-48A5-9585-25F041CA5835}
		{FB3C5188-78E6-4B58-BEDE-B3FB0E048FA2} = {291CCD26-9B56-4F74-9576-1B03C9D90BDA}
		{826247FC-D830-45C6-88DB-D4C8C808488C} = {291CCD26-9B56-4F74-9576-1B03C9D90BDA}
		{13C58198-69C6-4F81-86F6-59CA9110387C} = {B9500E89-3065-44E9-8C5D-8FC08A541115}
		{9879EBA1-A503-44E9-A0C4-D399DEC679D0} = {D25B8A66-B2A6-49F1-BC4A-FA30FC0FC6EC}
		{4CB06D28-99DF-427C-B8D1-79F26082341E} = {D25B8A66-B2A6-49F1-BC4A-FA30FC0FC6EC}
		{ECE3C9FB-57F5-4A9E-8752-51A97919C880} = {AF316985-3A8F-4374-A42C-C5A4B6E67065}
		{B961C5B4-7968-408E-AB20-0EC62A5F43BC} = {AF316985-3A8F-4374-A42C-C5A4B6E67065}
		{EF32AE8C-E680-4B37-865B-A46771B03138} = {AF316985-3A8F-4374-A42C-C5A4B6E67065}
		{93665DBA-4DE0-46AE-8DBB-9D8D1C251232} = {AF316985-3A8F-4374-A42C-C5A4B6E67065}
		{826FCF39-BD15-4255-A823-A2F7A60D54A8} = {AF316985-3A8F-4374-A42C-C5A4B6E67065}
	EndGlobalSection
EndGlobal
